
Microsoft Visual Studio Solution File, Format Version 12.00
# Visual Studio Version 17
VisualStudioVersion = 17.13.35931.197 d17.13
MinimumVisualStudioVersion = 10.0.40219.1
Project("{FAE04EC0-301F-11D3-BF4B-00C04F79EFBC}") = "MagazynDziwnychPrzedmiotów", "MagazynDziwnychPrzedmiotów\MagazynDziwnychPrzedmiotów.csproj", "{FA7E3985-91A0-4FF6-8FF3-50566149CF61}"
EndProject
Global
	GlobalSection(SolutionConfigurationPlatforms) = preSolution
		Debug|Any CPU = Debug|Any CPU
		Release|Any CPU = Release|Any CPU
	EndGlobalSection
	GlobalSection(ProjectConfigurationPlatforms) = postSolution
		{FA7E3985-91A0-4FF6-8FF3-50566149CF61}.Debug|Any CPU.ActiveCfg = Debug|Any CPU
		{FA7E3985-91A0-4FF6-8FF3-50566149CF61}.Debug|Any CPU.Build.0 = Debug|Any CPU
		{FA7E3985-91A0-4FF6-8FF3-50566149CF61}.Release|Any CPU.ActiveCfg = Release|Any CPU
		{FA7E3985-91A0-4FF6-8FF3-50566149CF61}.Release|Any CPU.Build.0 = Release|Any CPU
	EndGlobalSection
	GlobalSection(SolutionProperties) = preSolution
		HideSolutionNode = FALSE
	EndGlobalSection
	GlobalSection(ExtensibilityGlobals) = postSolution
		SolutionGuid = {BF11F004-2444-48F8-9E1A-E17B889E559D}
	EndGlobalSection
EndGlobal
